{
    "_readme": [
        "This file locks the dependencies of your project to a known state",
        "Read more about it at https://getcomposer.org/doc/01-basic-usage.md#installing-dependencies",
        "This file is @generated automatically"
    ],
    "content-hash": "85b8bced6d011fd2bb8c70954fa28389",
    "packages": [
        {
            "name": "City-of-Bloomington/factory-number-one",
            "version": "dev-rebuild",
            "source": {
                "type": "git",
                "url": "https://github.com/City-of-Bloomington/factory-number-one.git",
                "reference": "03c49ef186627dd99482aeb8ca023668e75ae8be"
            },
            "dist": {
                "type": "zip",
                "url": "https://api.github.com/repos/City-of-Bloomington/factory-number-one/zipball/03c49ef186627dd99482aeb8ca023668e75ae8be",
                "reference": "03c49ef186627dd99482aeb8ca023668e75ae8be",
                "shasum": ""
            },
            "type": "library",
            "support": {
                "source": "https://github.com/City-of-Bloomington/factory-number-one/tree/rebuild",
                "issues": "https://github.com/City-of-Bloomington/factory-number-one/issues"
            },
            "time": "2018-11-15T20:52:48+00:00"
        }
    ],
    "packages-dev": [],
    "aliases": [],
    "minimum-stability": "stable",
    "stability-flags": {
        "city-of-bloomington/factory-number-one": 20
    },
    "prefer-stable": false,
    "prefer-lowest": false,
    "platform": {
        "php": ">=7.2"
    },
    "platform-dev": []
}
